// !$*UTF8*$!
{
	archiveVersion = 1;
	classes = {
	};
	objectVersion = 77;
	objects = {

/* Begin PBXContainerItemProxy section */
		D69202DA2F4A17BE00640037 /* PBXContainerItemProxy */ = {
			isa = PBXContainerItemProxy;
			containerPortal = D69202C42F4A17BB00640037 /* Project object */;
			proxyType = 1;
			remoteGlobalIDString = D69202CB2F4A17BB00640037;
			remoteInfo = "Atomic simulator";
		};
		D69202E42F4A17BE00640037 /* PBXContainerItemProxy */ = {
			isa = PBXContainerItemProxy;
			containerPortal = D69202C42F4A17BB00640037 /* Project object */;
			proxyType = 1;
			remoteGlobalIDString = D69202CB2F4A17BB00640037;
			remoteInfo = "Atomic simulator";
		};
/* End PBXContainerItemProxy section */

/* Begin PBXFileReference section */
		D69202CC2F4A17BB00640037 /* Atomic simulator.app */ = {isa = PBXFileReference; explicitFileType = wrapper.application; includeInIndex = 0; path = "Atomic simulator.app"; sourceTree = BUILT_PRODUCTS_DIR; };
		D69202D92F4A17BE00640037 /* Atomic simulatorTests.xctest */ = {isa = PBXFileReference; explicitFileType = wrapper.cfbundle; includeInIndex = 0; path = "Atomic simulatorTests.xctest"; sourceTree = BUILT_PRODUCTS_DIR; };
		D69202E32F4A17BE00640037 /* Atomic simulatorUITests.xctest */ = {isa = PBXFileReference; explicitFileType = wrapper.cfbundle; includeInIndex = 0; path = "Atomic simulatorUITests.xctest"; sourceTree = BUILT_PRODUCTS_DIR; };
/* End PBXFileReference section */

/* Begin PBXFileSystemSynchronizedRootGroup section */
		D69202CE2F4A17BB00640037 /* Atomic simulator */ = {
			isa = PBXFileSystemSynchronizedRootGroup;
			path = "Atomic simulator";
			sourceTree = "<group>";
		};
		D69202DC2F4A17BE00640037 /* Atomic simulatorTests */ = {
			isa = PBXFileSystemSynchronizedRootGroup;
			path = "Atomic simulatorTests";
			sourceTree = "<group>";
		};
		D69202E62F4A17BE00640037 /* Atomic simulatorUITests */ = {
			isa = PBXFileSystemSynchronizedRootGroup;
			path = "Atomic simulatorUITests";
			sourceTree = "<group>";
		};
/* End PBXFileSystemSynchronizedRootGroup section */

/* Begin PBXFrameworksBuildPhase section */
		D69202C92F4A17BB00640037 /* Frameworks */ = {
			isa = PBXFrameworksBuildPhase;
			buildActionMask = 2147483647;
			files = (
			);
			runOnlyForDeploymentPostprocessing = 0;
		};
		D69202D62F4A17BE00640037 /* Frameworks */ = {
			isa = PBXFrameworksBuildPhase;
			buildActionMask = 2147483647;
			files = (
			);
			runOnlyForDeploymentPostprocessing = 0;
		};
		D69202E02F4A17BE00640037 /* Frameworks */ = {
			isa = PBXFrameworksBuildPhase;
			buildActionMask = 2147483647;
			files = (
			);
			runOnlyForDeploymentPostprocessing = 0;
		};
/* End PBXFrameworksBuildPhase section */

/* Begin PBXGroup section */
		D69202C32F4A17BB00640037 = {
			isa = PBXGroup;
			children = (
				D69202CE2F4A17BB00640037 /* Atomic simulator */,
				D69202DC2F4A17BE00640037 /* Atomic simulatorTests */,
				D69202E62F4A17BE00640037 /* Atomic simulatorUITests */,
				D69202CD2F4A17BB00640037 /* Products */,
			);
			sourceTree = "<group>";
		};
		D69202CD2F4A17BB00640037 /* Products */ = {
			isa = PBXGroup;
			children = (
				D69202CC2F4A17BB00640037 /* Atomic simulator.app */,
				D69202D92F4A17BE00640037 /* Atomic simulatorTests.xctest */,
				D69202E32F4A17BE00640037 /* Atomic simulatorUITests.xctest */,
			);
			name = Products;
			sourceTree = "<group>";
		};
/* End PBXGroup section */

/* Begin PBXNativeTarget section */
		D69202CB2F4A17BB00640037 /* Atomic simulator */ = {
			isa = PBXNativeTarget;
			buildConfigurationList = D69202ED2F4A17BE00640037 /* Build configuration list for PBXNativeTarget "Atomic simulator" */;
			buildPhases = (
				D69202C82F4A17BB00640037 /* Sources */,
				D69202C92F4A17BB00640037 /* Frameworks */,
				D69202CA2F4A17BB00640037 /* Resources */,
			);
			buildRules = (
			);
			dependencies = (
			);
			fileSystemSynchronizedGroups = (
				D69202CE2F4A17BB00640037 /* Atomic simulator */,
			);
			name = "Atomic simulator";
			packageProductDependencies = (
			);
			productName = "Atomic simulator";
			productReference = D69202CC2F4A17BB00640037 /* Atomic simulator.app */;
			productType = "com.apple.product-type.application";
		};
		D69202D82F4A17BE00640037 /* Atomic simulatorTests */ = {
			isa = PBXNativeTarget;
			buildConfigurationList = D69202F02F4A17BE00640037 /* Build configuration list for PBXNativeTarget "Atomic simulatorTests" */;
			buildPhases = (
				D69202D52F4A17BE00640037 /* Sources */,
				D69202D62F4A17BE00640037 /* Frameworks */,
				D69202D72F4A17BE00640037 /* Resources */,
			);
			buildRules = (
			);
			dependencies = (
				D69202DB2F4A17BE00640037 /* PBXTargetDependency */,
			);
			fileSystemSynchronizedGroups = (
				D69202DC2F4A17BE00640037 /* Atomic simulatorTests */,
			);
			name = "Atomic simulatorTests";
			packageProductDependencies = (
			);
			productName = "Atomic simulatorTests";
			productReference = D69202D92F4A17BE00640037 /* Atomic simulatorTests.xctest */;
			productType = "com.apple.product-type.bundle.unit-test";
		};
		D69202E22F4A17BE00640037 /* Atomic simulatorUITests */ = {
			isa = PBXNativeTarget;
			buildConfigurationList = D69202F32F4A17BE00640037 /* Build configuration list for PBXNativeTarget "Atomic simulatorUITests" */;
			buildPhases = (
				D69202DF2F4A17BE00640037 /* Sources */,
				D69202E02F4A17BE00640037 /* Frameworks */,
				D69202E12F4A17BE00640037 /* Resources */,
			);
			buildRules = (
			);
			dependencies = (
				D69202E52F4A17BE00640037 /* PBXTargetDependency */,
			);
			fileSystemSynchronizedGroups = (
				D69202E62F4A17BE00640037 /* Atomic simulatorUITests */,
			);
			name = "Atomic simulatorUITests";
			packageProductDependencies = (
			);
			productName = "Atomic simulatorUITests";
			productReference = D69202E32F4A17BE00640037 /* Atomic simulatorUITests.xctest */;
			productType = "com.apple.product-type.bundle.ui-testing";
		};
/* End PBXNativeTarget section */

/* Begin PBXProject section */
		D69202C42F4A17BB00640037 /* Project object */ = {
			isa = PBXProject;
			attributes = {
				BuildIndependentTargetsInParallel = 1;
				LastSwiftUpdateCheck = 2610;
				LastUpgradeCheck = 2610;
				TargetAttributes = {
					D69202CB2F4A17BB00640037 = {
						CreatedOnToolsVersion = 26.1.1;
					};
					D69202D82F4A17BE00640037 = {
						CreatedOnToolsVersion = 26.1.1;
						TestTargetID = D69202CB2F4A17BB00640037;
					};
					D69202E22F4A17BE00640037 = {
						CreatedOnToolsVersion = 26.1.1;
						TestTargetID = D69202CB2F4A17BB00640037;
					};
				};
			};
			buildConfigurationList = D69202C72F4A17BB00640037 /* Build configuration list for PBXProject "Atomic simulator" */;
			developmentRegion = en;
			hasScannedForEncodings = 0;
			knownRegions = (
				en,
				Base,
			);
			mainGroup = D69202C32F4A17BB00640037;
			minimizedProjectReferenceProxies = 1;
			preferredProjectObjectVersion = 77;
			productRefGroup = D69202CD2F4A17BB00640037 /* Products */;
			projectDirPath = "";
			projectRoot = "";
			targets = (
				D69202CB2F4A17BB00640037 /* Atomic simulator */,
				D69202D82F4A17BE00640037 /* Atomic simulatorTests */,
				D69202E22F4A17BE00640037 /* Atomic simulatorUITests */,
			);
		};
/* End PBXProject section */

/* Begin PBXResourcesBuildPhase section */
		D69202CA2F4A17BB00640037 /* Resources */ = {
			isa = PBXResourcesBuildPhase;
			buildActionMask = 2147483647;
			files = (
			);
			runOnlyForDeploymentPostprocessing = 0;
		};
		D69202D72F4A17BE00640037 /* Resources */ = {
			isa = PBXResourcesBuildPhase;
			buildActionMask = 2147483647;
			files = (
			);
			runOnlyForDeploymentPostprocessing = 0;
		};
		D69202E12F4A17BE00640037 /* Resources */ = {
			isa = PBXResourcesBuildPhase;
			buildActionMask = 2147483647;
			files = (
			);
			runOnlyForDeploymentPostprocessing = 0;
		};
/* End PBXResourcesBuildPhase section */

/* Begin PBXSourcesBuildPhase section */
		D69202C82F4A17BB00640037 /* Sources */ = {
			isa = PBXSourcesBuildPhase;
			buildActionMask = 2147483647;
			files = (
			);
			runOnlyForDeploymentPostprocessing = 0;
		};
		D69202D52F4A17BE00640037 /* Sources */ = {
			isa = PBXSourcesBuildPhase;
			buildActionMask = 2147483647;
			files = (
			);
			runOnlyForDeploymentPostprocessing = 0;
		};
		D69202DF2F4A17BE00640037 /* Sources */ = {
			isa = PBXSourcesBuildPhase;
			buildActionMask = 2147483647;
			files = (
			);
			runOnlyForDeploymentPostprocessing = 0;
		};
/* End PBXSourcesBuildPhase section */

/* Begin PBXTargetDependency section */
		D69202DB2F4A17BE00640037 /* PBXTargetDependency */ = {
			isa = PBXTargetDependency;
			target = D69202CB2F4A17BB00640037 /* Atomic simulator */;
			targetProxy = D69202DA2F4A17BE00640037 /* PBXContainerItemProxy */;
		};
		D69202E52F4A17BE00640037 /* PBXTargetDependency */ = {
			isa = PBXTargetDependency;
			target = D69202CB2F4A17BB00640037 /* Atomic simulator */;
			targetProxy = D69202E42F4A17BE00640037 /* PBXContainerItemProxy */;
		};
/* End PBXTargetDependency section */

/* Begin XCBuildConfiguration section */
		D69202EB2F4A17BE00640037 /* Debug */ = {
			isa = XCBuildConfiguration;
			buildSettings = {
				ALWAYS_SEARCH_USER_PATHS = NO;
				ASSETCATALOG_COMPILER_GENERATE_SWIFT_ASSET_SYMBOL_EXTENSIONS = YES;
				CLANG_ANALYZER_NONNULL = YES;
				CLANG_ANALYZER_NUMBER_OBJECT_CONVERSION = YES_AGGRESSIVE;
				CLANG_CXX_LANGUAGE_STANDARD = "gnu++20";
				CLANG_ENABLE_MODULES = YES;
				CLANG_ENABLE_OBJC_ARC = YES;
				CLANG_ENABLE_OBJC_WEAK = YES;
				CLANG_WARN_BLOCK_CAPTURE_AUTORELEASING = YES;
				CLANG_WARN_BOOL_CONVERSION = YES;
				CLANG_WARN_COMMA = YES;
				CLANG_WARN_CONSTANT_CONVERSION = YES;
				CLANG_WARN_DEPRECATED_OBJC_IMPLEMENTATIONS = YES;
				CLANG_WARN_DIRECT_OBJC_ISA_USAGE = YES_ERROR;
				CLANG_WARN_DOCUMENTATION_COMMENTS = YES;
				CLANG_WARN_EMPTY_BODY = YES;
				CLANG_WARN_ENUM_CONVERSION = YES;
				CLANG_WARN_INFINITE_RECURSION = YES;
				CLANG_WARN_INT_CONVERSION = YES;
				CLANG_WARN_NON_LITERAL_NULL_CONVERSION = YES;
				CLANG_WARN_OBJC_IMPLICIT_RETAIN_SELF = YES;
				CLANG_WARN_OBJC_LITERAL_CONVERSION = YES;
				CLANG_WARN_OBJC_ROOT_CLASS = YES_ERROR;
				CLANG_WARN_QUOTED_INCLUDE_IN_FRAMEWORK_HEADER = YES;
				CLANG_WARN_RANGE_LOOP_ANALYSIS = YES;
				CLANG_WARN_STRICT_PROTOTYPES = YES;
				CLANG_WARN_SUSPICIOUS_MOVE = YES;
				CLANG_WARN_UNGUARDED_AVAILABILITY = YES_AGGRESSIVE;
				CLANG_WARN_UNREACHABLE_CODE = YES;
				CLANG_WARN__DUPLICATE_METHOD_MATCH = YES;
				COPY_PHASE_STRIP = NO;
				DEBUG_INFORMATION_FORMAT = dwarf;
				ENABLE_STRICT_OBJC_MSGSEND = YES;
				ENABLE_TESTABILITY = YES;
				ENABLE_USER_SCRIPT_SANDBOXING = YES;
				GCC_C_LANGUAGE_STANDARD = gnu17;
				GCC_DYNAMIC_NO_PIC = NO;
				GCC_NO_COMMON_BLOCKS = YES;
				GCC_OPTIMIZATION_LEVEL = 0;
				GCC_PREPROCESSOR_DEFINITIONS = (
					"DEBUG=1",
					"$(inherited)",
				);
				GCC_WARN_64_TO_32_BIT_CONVERSION = YES;
				GCC_WARN_ABOUT_RETURN_TYPE = YES_ERROR;
				GCC_WARN_UNDECLARED_SELECTOR = YES;
				GCC_WARN_UNINITIALIZED_AUTOS = YES_AGGRESSIVE;
				GCC_WARN_UNUSED_FUNCTION = YES;
				GCC_WARN_UNUSED_VARIABLE = YES;
				LOCALIZATION_PREFERS_STRING_CATALOGS = YES;
				MACOSX_DEPLOYMENT_TARGET = 26.1;
				MTL_ENABLE_DEBUG_INFO = INCLUDE_SOURCE;
				MTL_FAST_MATH = YES;
				ONLY_ACTIVE_ARCH = YES;
				SDKROOT = macosx;
				SWIFT_ACTIVE_COMPILATION_CONDITIONS = "DEBUG $(inherited)";
				SWIFT_OPTIMIZATION_LEVEL = "-Onone";
			};
			name = Debug;
		};
		D69202EC2F4A17BE00640037 /* Release */ = {
			isa = XCBuildConfiguration;
			buildSettings = {
				ALWAYS_SEARCH_USER_PATHS = NO;
				ASSETCATALOG_COMPILER_GENERATE_SWIFT_ASSET_SYMBOL_EXTENSIONS = YES;
				CLANG_ANALYZER_NONNULL = YES;
				CLANG_ANALYZER_NUMBER_OBJECT_CONVERSION = YES_AGGRESSIVE;
				CLANG_CXX_LANGUAGE_STANDARD = "gnu++20";
				CLANG_ENABLE_MODULES = YES;
				CLANG_ENABLE_OBJC_ARC = YES;
				CLANG_ENABLE_OBJC_WEAK = YES;
				CLANG_WARN_BLOCK_CAPTURE_AUTORELEASING = YES;
				CLANG_WARN_BOOL_CONVERSION = YES;
				CLANG_WARN_COMMA = YES;
				CLANG_WARN_CONSTANT_CONVERSION = YES;
				CLANG_WARN_DEPRECATED_OBJC_IMPLEMENTATIONS = YES;
				CLANG_WARN_DIRECT_OBJC_ISA_USAGE = YES_ERROR;
				CLANG_WARN_DOCUMENTATION_COMMENTS = YES;
				CLANG_WARN_EMPTY_BODY = YES;
				CLANG_WARN_ENUM_CONVERSION = YES;
				CLANG_WARN_INFINITE_RECURSION = YES;
				CLANG_WARN_INT_CONVERSION = YES;
				CLANG_WARN_NON_LITERAL_NULL_CONVERSION = YES;
				CLANG_WARN_OBJC_IMPLICIT_RETAIN_SELF = YES;
				CLANG_WARN_OBJC_LITERAL_CONVERSION = YES;
				CLANG_WARN_OBJC_ROOT_CLASS = YES_ERROR;
				CLANG_WARN_QUOTED_INCLUDE_IN_FRAMEWORK_HEADER = YES;
				CLANG_WARN_RANGE_LOOP_ANALYSIS = YES;
				CLANG_WARN_STRICT_PROTOTYPES = YES;
				CLANG_WARN_SUSPICIOUS_MOVE = YES;
				CLANG_WARN_UNGUARDED_AVAILABILITY = YES_AGGRESSIVE;
				CLANG_WARN_UNREACHABLE_CODE = YES;
				CLANG_WARN__DUPLICATE_METHOD_MATCH = YES;
				COPY_PHASE_STRIP = NO;
				DEBUG_INFORMATION_FORMAT = "dwarf-with-dsym";
				ENABLE_NS_ASSERTIONS = NO;
				ENABLE_STRICT_OBJC_MSGSEND = YES;
				ENABLE_USER_SCRIPT_SANDBOXING = YES;
				GCC_C_LANGUAGE_STANDARD = gnu17;
				GCC_NO_COMMON_BLOCKS = YES;
				GCC_WARN_64_TO_32_BIT_CONVERSION = YES;
				GCC_WARN_ABOUT_RETURN_TYPE = YES_ERROR;
				GCC_WARN_UNDECLARED_SELECTOR = YES;
				GCC_WARN_UNINITIALIZED_AUTOS = YES_AGGRESSIVE;
				GCC_WARN_UNUSED_FUNCTION = YES;
				GCC_WARN_UNUSED_VARIABLE = YES;
				LOCALIZATION_PREFERS_STRING_CATALOGS = YES;
				MACOSX_DEPLOYMENT_TARGET = 26.1;
				MTL_ENABLE_DEBUG_INFO = NO;
				MTL_FAST_MATH = YES;
				SDKROOT = macosx;
				SWIFT_COMPILATION_MODE = wholemodule;
			};
			name = Release;
		};
		D69202EE2F4A17BE00640037 /* Debug */ = {
			isa = XCBuildConfiguration;
			buildSettings = {
				ASSETCATALOG_COMPILER_APPICON_NAME = AppIcon;
				ASSETCATALOG_COMPILER_GLOBAL_ACCENT_COLOR_NAME = AccentColor;
				CODE_SIGN_STYLE = Automatic;
				COMBINE_HIDPI_IMAGES = YES;
				CURRENT_PROJECT_VERSION = 1;
				ENABLE_APP_SANDBOX = YES;
				ENABLE_PREVIEWS = YES;
				ENABLE_USER_SELECTED_FILES = readonly;
				GENERATE_INFOPLIST_FILE = YES;
				INFOPLIST_KEY_NSHumanReadableCopyright = "";
				LD_RUNPATH_SEARCH_PATHS = (
					"$(inherited)",
					"@executable_path/../Frameworks",
				);
				MARKETING_VERSION = 1.0;
				PRODUCT_BUNDLE_IDENTIFIER = "com.techdicto.Atomic-simulator";
				PRODUCT_NAME = "$(TARGET_NAME)";
				REGISTER_APP_GROUPS = YES;
				STRING_CATALOG_GENERATE_SYMBOLS = YES;
				SWIFT_APPROACHABLE_CONCURRENCY = YES;
				SWIFT_DEFAULT_ACTOR_ISOLATION = MainActor;
				SWIFT_EMIT_LOC_STRINGS = YES;
				SWIFT_UPCOMING_FEATURE_MEMBER_IMPORT_VISIBILITY = YES;
				SWIFT_VERSION = 5.0;
			};
			name = Debug;
		};
		D69202EF2F4A17BE00640037 /* Release */ = {
			isa = XCBuildConfiguration;
			buildSettings = {
				ASSETCATALOG_COMPILER_APPICON_NAME = AppIcon;
				ASSETCATALOG_COMPILER_GLOBAL_ACCENT_COLOR_NAME = AccentColor;
				CODE_SIGN_STYLE = Automatic;
				COMBINE_HIDPI_IMAGES = YES;
				CURRENT_PROJECT_VERSION = 1;
				ENABLE_APP_SANDBOX = YES;
				ENABLE_PREVIEWS = YES;
				ENABLE_USER_SELECTED_FILES = readonly;
				GENERATE_INFOPLIST_FILE = YES;
				INFOPLIST_KEY_NSHumanReadableCopyright = "";
				LD_RUNPATH_SEARCH_PATHS = (
					"$(inherited)",
					"@executable_path/../Frameworks",
				);
				MARKETING_VERSION = 1.0;
				PRODUCT_BUNDLE_IDENTIFIER = "com.techdicto.Atomic-simulator";
				PRODUCT_NAME = "$(TARGET_NAME)";
				REGISTER_APP_GROUPS = YES;
				STRING_CATALOG_GENERATE_SYMBOLS = YES;
				SWIFT_APPROACHABLE_CONCURRENCY = YES;
				SWIFT_DEFAULT_ACTOR_ISOLATION = MainActor;
				SWIFT_EMIT_LOC_STRINGS = YES;
				SWIFT_UPCOMING_FEATURE_MEMBER_IMPORT_VISIBILITY = YES;
				SWIFT_VERSION = 5.0;
			};
			name = Release;
		};
		D69202F12F4A17BE00640037 /* Debug */ = {
			isa = XCBuildConfiguration;
			buildSettings = {
				BUNDLE_LOADER = "$(TEST_HOST)";
				CODE_SIGN_STYLE = Automatic;
				CURRENT_PROJECT_VERSION = 1;
				GENERATE_INFOPLIST_FILE = YES;
				MACOSX_DEPLOYMENT_TARGET = 26.1;
				MARKETING_VERSION = 1.0;
				PRODUCT_BUNDLE_IDENTIFIER = "com.techdicto.Atomic-simulatorTests";
				PRODUCT_NAME = "$(TARGET_NAME)";
				STRING_CATALOG_GENERATE_SYMBOLS = NO;
				SWIFT_APPROACHABLE_CONCURRENCY = YES;
				SWIFT_EMIT_LOC_STRINGS = NO;
				SWIFT_UPCOMING_FEATURE_MEMBER_IMPORT_VISIBILITY = YES;
				SWIFT_VERSION = 5.0;
				TEST_HOST = "$(BUILT_PRODUCTS_DIR)/Atomic simulator.app/$(BUNDLE_EXECUTABLE_FOLDER_PATH)/Atomic simulator";
			};
			name = Debug;
		};
		D69202F22F4A17BE00640037 /* Release */ = {
			isa = XCBuildConfiguration;
			buildSettings = {
				BUNDLE_LOADER = "$(TEST_HOST)";
				CODE_SIGN_STYLE = Automatic;
				CURRENT_PROJECT_VERSION = 1;
				GENERATE_INFOPLIST_FILE = YES;
				MACOSX_DEPLOYMENT_TARGET = 26.1;
				MARKETING_VERSION = 1.0;
				PRODUCT_BUNDLE_IDENTIFIER = "com.techdicto.Atomic-simulatorTests";
				PRODUCT_NAME = "$(TARGET_NAME)";
				STRING_CATALOG_GENERATE_SYMBOLS = NO;
				SWIFT_APPROACHABLE_CONCURRENCY = YES;
				SWIFT_EMIT_LOC_STRINGS = NO;
				SWIFT_UPCOMING_FEATURE_MEMBER_IMPORT_VISIBILITY = YES;
				SWIFT_VERSION = 5.0;
				TEST_HOST = "$(BUILT_PRODUCTS_DIR)/Atomic simulator.app/$(BUNDLE_EXECUTABLE_FOLDER_PATH)/Atomic simulator";
			};
			name = Release;
		};
		D69202F42F4A17BE00640037 /* Debug */ = {
			isa = XCBuildConfiguration;
			buildSettings = {
				CODE_SIGN_STYLE = Automatic;
				CURRENT_PROJECT_VERSION = 1;
				GENERATE_INFOPLIST_FILE = YES;
				MARKETING_VERSION = 1.0;
				PRODUCT_BUNDLE_IDENTIFIER = "com.techdicto.Atomic-simulatorUITests";
				PRODUCT_NAME = "$(TARGET_NAME)";
				STRING_CATALOG_GENERATE_SYMBOLS = NO;
				SWIFT_APPROACHABLE_CONCURRENCY = YES;
				SWIFT_EMIT_LOC_STRINGS = NO;
				SWIFT_UPCOMING_FEATURE_MEMBER_IMPORT_VISIBILITY = YES;
				SWIFT_VERSION = 5.0;
				TEST_TARGET_NAME = "Atomic simulator";
			};
			name = Debug;
		};
		D69202F52F4A17BE00640037 /* Release */ = {
			isa = XCBuildConfiguration;
			buildSettings = {
				CODE_SIGN_STYLE = Automatic;
				CURRENT_PROJECT_VERSION = 1;
				GENERATE_INFOPLIST_FILE = YES;
				MARKETING_VERSION = 1.0;
				PRODUCT_BUNDLE_IDENTIFIER = "com.techdicto.Atomic-simulatorUITests";
				PRODUCT_NAME = "$(TARGET_NAME)";
				STRING_CATALOG_GENERATE_SYMBOLS = NO;
				SWIFT_APPROACHABLE_CONCURRENCY = YES;
				SWIFT_EMIT_LOC_STRINGS = NO;
				SWIFT_UPCOMING_FEATURE_MEMBER_IMPORT_VISIBILITY = YES;
				SWIFT_VERSION = 5.0;
				TEST_TARGET_NAME = "Atomic simulator";
			};
			name = Release;
		};
/* End XCBuildConfiguration section */

/* Begin XCConfigurationList section */
		D69202C72F4A17BB00640037 /* Build configuration list for PBXProject "Atomic simulator" */ = {
			isa = XCConfigurationList;
			buildConfigurations = (
				D69202EB2F4A17BE00640037 /* Debug */,
				D69202EC2F4A17BE00640037 /* Release */,
			);
			defaultConfigurationIsVisible = 0;
			defaultConfigurationName = Release;
		};
		D69202ED2F4A17BE00640037 /* Build configuration list for PBXNativeTarget "Atomic simulator" */ = {
			isa = XCConfigurationList;
			buildConfigurations = (
				D69202EE2F4A17BE00640037 /* Debug */,
				D69202EF2F4A17BE00640037 /* Release */,
			);
			defaultConfigurationIsVisible = 0;
			defaultConfigurationName = Release;
		};
		D69202F02F4A17BE00640037 /* Build configuration list for PBXNativeTarget "Atomic simulatorTests" */ = {
			isa = XCConfigurationList;
			buildConfigurations = (
				D69202F12F4A17BE00640037 /* Debug */,
				D69202F22F4A17BE00640037 /* Release */,
			);
			defaultConfigurationIsVisible = 0;
			defaultConfigurationName = Release;
		};
		D69202F32F4A17BE00640037 /* Build configuration list for PBXNativeTarget "Atomic simulatorUITests" */ = {
			isa = XCConfigurationList;
			buildConfigurations = (
				D69202F42F4A17BE00640037 /* Debug */,
				D69202F52F4A17BE00640037 /* Release */,
			);
			defaultConfigurationIsVisible = 0;
			defaultConfigurationName = Release;
		};
/* End XCConfigurationList section */
	};
	rootObject = D69202C42F4A17BB00640037 /* Project object */;
}
